
Microsoft Visual Studio Solution File, Format Version 12.00
# Visual Studio 15
VisualStudioVersion = 15.0.28010.2050
MinimumVisualStudioVersion = 10.0.40219.1
Project("{FAE04EC0-301F-11D3-BF4B-00C04F79EFBC}") = "Graph", "Graph\Graph.csproj", "{5FF0BAFC-74E0-4035-89F9-773CD8726CDD}"
EndProject
Global
	GlobalSection(SolutionConfigurationPlatforms) = preSolution
		Debug|Any CPU = Debug|Any CPU
		Release|Any CPU = Release|Any CPU
	EndGlobalSection
	GlobalSection(ProjectConfigurationPlatforms) = postSolution
		{5FF0BAFC-74E0-4035-89F9-773CD8726CDD}.Debug|Any CPU.ActiveCfg = Debug|Any CPU
		{5FF0BAFC-74E0-4035-89F9-773CD8726CDD}.Debug|Any CPU.Build.0 = Debug|Any CPU
		{5FF0BAFC-74E0-4035-89F9-773CD8726CDD}.Release|Any CPU.ActiveCfg = Release|Any CPU
		{5FF0BAFC-74E0-4035-89F9-773CD8726CDD}.Release|Any CPU.Build.0 = Release|Any CPU
	EndGlobalSection
	GlobalSection(SolutionProperties) = preSolution
		HideSolutionNode = FALSE
	EndGlobalSection
	GlobalSection(ExtensibilityGlobals) = postSolution
		SolutionGuid = {32FA2DF6-2BCC-4233-B4BA-26CF943F6BAA}
	EndGlobalSection
EndGlobal
